
Microsoft Visual Studio Solution File, Format Version 12.00
# Visual Studio Version 17
VisualStudioVersion = 17.13.35931.197 d17.13
MinimumVisualStudioVersion = 10.0.40219.1
Project("{FAE04EC0-301F-11D3-BF4B-00C04F79EFBC}") = "Mimo Interpreter", "Mimo Interpreter\Mimo Interpreter.csproj", "{1DB1432A-1771-4856-ABB3-01E6DF5AA89B}"
EndProject
Global
	GlobalSection(SolutionConfigurationPlatforms) = preSolution
		Debug|Any CPU = Debug|Any CPU
		Release|Any CPU = Release|Any CPU
	EndGlobalSection
	GlobalSection(ProjectConfigurationPlatforms) = postSolution
		{1DB1432A-1771-4856-ABB3-01E6DF5AA89B}.Debug|Any CPU.ActiveCfg = Debug|Any CPU
		{1DB1432A-1771-4856-ABB3-01E6DF5AA89B}.Debug|Any CPU.Build.0 = Debug|Any CPU
		{1DB1432A-1771-4856-ABB3-01E6DF5AA89B}.Release|Any CPU.ActiveCfg = Release|Any CPU
		{1DB1432A-1771-4856-ABB3-01E6DF5AA89B}.Release|Any CPU.Build.0 = Release|Any CPU
	EndGlobalSection
	GlobalSection(SolutionProperties) = preSolution
		HideSolutionNode = FALSE
	EndGlobalSection
	GlobalSection(ExtensibilityGlobals) = postSolution
		SolutionGuid = {6D349C6A-3B24-4FF4-925A-9948D3A33CBA}
	EndGlobalSection
EndGlobal
